
Microsoft Visual Studio Solution File, Format Version 12.00
# Visual Studio Version 17
VisualStudioVersion = 17.0.31903.59
MinimumVisualStudioVersion = 10.0.40219.1
Project("{FAE04EC0-301F-11D3-BF4B-00C04F79EFBC}") = "Day1", "Day1\Day1.csproj", "{C55F9E0C-D2A1-4729-8818-37D2BCB94387}"
EndProject
Project("{FAE04EC0-301F-11D3-BF4B-00C04F79EFBC}") = "Common", "Common\Common.csproj", "{91E4711E-61FF-4F6F-B17C-728AE0DCEDBE}"
EndProject
Project("{FAE04EC0-301F-11D3-BF4B-00C04F79EFBC}") = "Day2", "Day2\Day2.csproj", "{780244BA-706D-44FF-8E81-690A89C809E8}"
EndProject
Project("{FAE04EC0-301F-11D3-BF4B-00C04F79EFBC}") = "Day3", "Day3\Day3.csproj", "{F67EAA5A-6A1F-4EB6-BB34-446BD73E9D70}"
EndProject
Project("{FAE04EC0-301F-11D3-BF4B-00C04F79EFBC}") = "Day4", "Day4\Day4.csproj", "{56F1523A-2557-475C-B131-265FD9A6CAC9}"
EndProject
Global
	GlobalSection(SolutionConfigurationPlatforms) = preSolution
		Debug|Any CPU = Debug|Any CPU
		Release|Any CPU = Release|Any CPU
	EndGlobalSection
	GlobalSection(SolutionProperties) = preSolution
		HideSolutionNode = FALSE
	EndGlobalSection
	GlobalSection(ProjectConfigurationPlatforms) = postSolution
		{C55F9E0C-D2A1-4729-8818-37D2BCB94387}.Debug|Any CPU.ActiveCfg = Debug|Any CPU
		{C55F9E0C-D2A1-4729-8818-37D2BCB94387}.Debug|Any CPU.Build.0 = Debug|Any CPU
		{C55F9E0C-D2A1-4729-8818-37D2BCB94387}.Release|Any CPU.ActiveCfg = Release|Any CPU
		{C55F9E0C-D2A1-4729-8818-37D2BCB94387}.Release|Any CPU.Build.0 = Release|Any CPU
		{91E4711E-61FF-4F6F-B17C-728AE0DCEDBE}.Debug|Any CPU.ActiveCfg = Debug|Any CPU
		{91E4711E-61FF-4F6F-B17C-728AE0DCEDBE}.Debug|Any CPU.Build.0 = Debug|Any CPU
		{91E4711E-61FF-4F6F-B17C-728AE0DCEDBE}.Release|Any CPU.ActiveCfg = Release|Any CPU
		{91E4711E-61FF-4F6F-B17C-728AE0DCEDBE}.Release|Any CPU.Build.0 = Release|Any CPU
		{780244BA-706D-44FF-8E81-690A89C809E8}.Debug|Any CPU.ActiveCfg = Debug|Any CPU
		{780244BA-706D-44FF-8E81-690A89C809E8}.Debug|Any CPU.Build.0 = Debug|Any CPU
		{780244BA-706D-44FF-8E81-690A89C809E8}.Release|Any CPU.ActiveCfg = Release|Any CPU
		{780244BA-706D-44FF-8E81-690A89C809E8}.Release|Any CPU.Build.0 = Release|Any CPU
		{F67EAA5A-6A1F-4EB6-BB34-446BD73E9D70}.Debug|Any CPU.ActiveCfg = Debug|Any CPU
		{F67EAA5A-6A1F-4EB6-BB34-446BD73E9D70}.Debug|Any CPU.Build.0 = Debug|Any CPU
		{F67EAA5A-6A1F-4EB6-BB34-446BD73E9D70}.Release|Any CPU.ActiveCfg = Release|Any CPU
		{F67EAA5A-6A1F-4EB6-BB34-446BD73E9D70}.Release|Any CPU.Build.0 = Release|Any CPU
		{56F1523A-2557-475C-B131-265FD9A6CAC9}.Debug|Any CPU.ActiveCfg = Debug|Any CPU
		{56F1523A-2557-475C-B131-265FD9A6CAC9}.Debug|Any CPU.Build.0 = Debug|Any CPU
		{56F1523A-2557-475C-B131-265FD9A6CAC9}.Release|Any CPU.ActiveCfg = Release|Any CPU
		{56F1523A-2557-475C-B131-265FD9A6CAC9}.Release|Any CPU.Build.0 = Release|Any CPU
	EndGlobalSection
EndGlobal
